GEM
  remote: https://rubygems.org/
  specs:
    ac-library-rb (1.2.0)
      prime
    forwardable (1.4.0)
    numo-narray (0.9.2.1)
    prime (0.1.4)
      forwardable
      singleton
    rbtree (0.4.6)
    singleton (0.3.0)

PLATFORMS
  arm64-darwin-25
  ruby

DEPENDENCIES
  ac-library-rb
  numo-narray
  rbtree

BUNDLED WITH
   2.6.9
